
Microsoft Visual Studio Solution File, Format Version 10.00
# Visual Studio 2008
Project("{FAE04EC0-301F-11D3-BF4B-00C04F79EFBC}") = "XbeeCore", "XbeeCore\XbeeCore.csproj", "{0D939B7A-3834-4FCB-B1C5-9737CE2A9C9C}"
EndProject
Project("{FAE04EC0-301F-11D3-BF4B-00C04F79EFBC}") = "XBeeTester", "XBeeTester\XBeeTester.csproj", "{5846469F-6395-4C78-B694-69D8C9562403}"
EndProject
Project("{FAE04EC0-301F-11D3-BF4B-00C04F79EFBC}") = "XBee Flasher", "XBee Flasher\XBee Flasher.csproj", "{7611C45F-71D7-4A78-90F6-8DC3761CDB64}"
EndProject
Global
	GlobalSection(SolutionConfigurationPlatforms) = preSolution
		Debug|Any CPU = Debug|Any CPU
		Release|Any CPU = Release|Any CPU
	EndGlobalSection
	GlobalSection(ProjectConfigurationPlatforms) = postSolution
		{0D939B7A-3834-4FCB-B1C5-9737CE2A9C9C}.Debug|Any CPU.ActiveCfg = Debug|Any CPU
		{0D939B7A-3834-4FCB-B1C5-9737CE2A9C9C}.Debug|Any CPU.Build.0 = Debug|Any CPU
		{0D939B7A-3834-4FCB-B1C5-9737CE2A9C9C}.Release|Any CPU.ActiveCfg = Release|Any CPU
		{0D939B7A-3834-4FCB-B1C5-9737CE2A9C9C}.Release|Any CPU.Build.0 = Release|Any CPU
		{5846469F-6395-4C78-B694-69D8C9562403}.Debug|Any CPU.ActiveCfg = Debug|Any CPU
		{5846469F-6395-4C78-B694-69D8C9562403}.Debug|Any CPU.Build.0 = Debug|Any CPU
		{5846469F-6395-4C78-B694-69D8C9562403}.Release|Any CPU.ActiveCfg = Release|Any CPU
		{5846469F-6395-4C78-B694-69D8C9562403}.Release|Any CPU.Build.0 = Release|Any CPU
		{7611C45F-71D7-4A78-90F6-8DC3761CDB64}.Debug|Any CPU.ActiveCfg = Debug|Any CPU
		{7611C45F-71D7-4A78-90F6-8DC3761CDB64}.Debug|Any CPU.Build.0 = Debug|Any CPU
		{7611C45F-71D7-4A78-90F6-8DC3761CDB64}.Release|Any CPU.ActiveCfg = Release|Any CPU
		{7611C45F-71D7-4A78-90F6-8DC3761CDB64}.Release|Any CPU.Build.0 = Release|Any CPU
	EndGlobalSection
	GlobalSection(SolutionProperties) = preSolution
		HideSolutionNode = FALSE
	EndGlobalSection
EndGlobal
